{
  "name": "spacebar-oms",
  "version": "0.1.0",
  "lockfileVersion": 3,
  "requires": true,
  "packages": {
    "": {
      "name": "spacebar-oms",
      "version": "0.1.0",
      "license": "GPL-3.0-or-later",
      "dependencies": {
        "@spacebar/shared": "git+https://github.com/PolybiusBiotech/spacebar-shared.git"
      },
      "engines": {
        "node": ">=20"
      }
    },
    "../shared": {
      "name": "@spacebar/shared",
      "version": "0.1.0",
      "extraneous": true
    },
    "node_modules/@spacebar/shared": {
      "version": "0.1.0",
      "resolved": "git+ssh://git@github.com/PolybiusBiotech/spacebar-shared.git#5f7d2c07021118060d2e4b173e04c7b92eb7feae"
    }
  }
}
